
Microsoft Visual Studio Solution File, Format Version 12.00
# Visual Studio Version 16
VisualStudioVersion = 16.0.30621.155
MinimumVisualStudioVersion = 10.0.40219.1
Project("{FAE04EC0-301F-11D3-BF4B-00C04F79EFBC}") = "TestPublish", "TestPublish\TestPublish.csproj", "{941D0390-0DD5-4F49-B257-517CBAD76BDD}"
EndProject
Global
	GlobalSection(SolutionConfigurationPlatforms) = preSolution
		Debug|Any CPU = Debug|Any CPU
		Release|Any CPU = Release|Any CPU
	EndGlobalSection
	GlobalSection(ProjectConfigurationPlatforms) = postSolution
		{941D0390-0DD5-4F49-B257-517CBAD76BDD}.Debug|Any CPU.ActiveCfg = Debug|Any CPU
		{941D0390-0DD5-4F49-B257-517CBAD76BDD}.Debug|Any CPU.Build.0 = Debug|Any CPU
		{941D0390-0DD5-4F49-B257-517CBAD76BDD}.Release|Any CPU.ActiveCfg = Release|Any CPU
		{941D0390-0DD5-4F49-B257-517CBAD76BDD}.Release|Any CPU.Build.0 = Release|Any CPU
	EndGlobalSection
	GlobalSection(SolutionProperties) = preSolution
		HideSolutionNode = FALSE
	EndGlobalSection
	GlobalSection(ExtensibilityGlobals) = postSolution
		SolutionGuid = {F0DEEB73-D1BE-448A-8B11-E234BE14DF0C}
	EndGlobalSection
EndGlobal
